
Microsoft Visual Studio Solution File, Format Version 12.00
# Visual Studio Version 16
VisualStudioVersion = 16.0.31112.23
MinimumVisualStudioVersion = 10.0.40219.1
Project("{FAE04EC0-301F-11D3-BF4B-00C04F79EFBC}") = "DrawTree", "DrawTree\DrawTree.csproj", "{EC184F43-65FE-4083-AB57-CE18D483DAEA}"
EndProject
Global
	GlobalSection(SolutionConfigurationPlatforms) = preSolution
		Debug|Any CPU = Debug|Any CPU
		Release|Any CPU = Release|Any CPU
	EndGlobalSection
	GlobalSection(ProjectConfigurationPlatforms) = postSolution
		{EC184F43-65FE-4083-AB57-CE18D483DAEA}.Debug|Any CPU.ActiveCfg = Debug|Any CPU
		{EC184F43-65FE-4083-AB57-CE18D483DAEA}.Debug|Any CPU.Build.0 = Debug|Any CPU
		{EC184F43-65FE-4083-AB57-CE18D483DAEA}.Release|Any CPU.ActiveCfg = Release|Any CPU
		{EC184F43-65FE-4083-AB57-CE18D483DAEA}.Release|Any CPU.Build.0 = Release|Any CPU
	EndGlobalSection
	GlobalSection(SolutionProperties) = preSolution
		HideSolutionNode = FALSE
	EndGlobalSection
	GlobalSection(ExtensibilityGlobals) = postSolution
		SolutionGuid = {7F7ED2C8-8FFA-444B-8553-1EBB593D2487}
	EndGlobalSection
EndGlobal
